PODS:
  - FBSnapshotTestCase (2.1.4):
    - FBSnapshotTestCase/SwiftSupport (= 2.1.4)
  - FBSnapshotTestCase/Core (2.1.4)
  - FBSnapshotTestCase/SwiftSupport (2.1.4):
    - FBSnapshotTestCase/Core
  - ios-secp256k1 (0.1.0)

DEPENDENCIES:
  - FBSnapshotTestCase (~> 2.1.4)
  - ios-secp256k1 (from `../`)

EXTERNAL SOURCES:
  ios-secp256k1:
    :path: ../

SPEC CHECKSUMS:
  FBSnapshotTestCase: 094f9f314decbabe373b87cc339bea235a63e07a
  ios-secp256k1: f61f0c9b981aae87ddfc29568aaf13c149a8525f

PODFILE CHECKSUM: f03e91a1001c4859eda375db97814d7d07d2e557

COCOAPODS: 1.3.1
